
Microsoft Visual Studio Solution File, Format Version 12.00
# Visual Studio Version 16
VisualStudioVersion = 16.0.31019.35
MinimumVisualStudioVersion = 10.0.40219.1
Project("{FAE04EC0-301F-11D3-BF4B-00C04F79EFBC}") = "ValheimMod", "ValheimMod\ValheimMod.csproj", "{20782707-1F99-4018-9EAF-5E131A4BF64C}"
EndProject
Global
	GlobalSection(SolutionConfigurationPlatforms) = preSolution
		Debug|Any CPU = Debug|Any CPU
		Release|Any CPU = Release|Any CPU
	EndGlobalSection
	GlobalSection(ProjectConfigurationPlatforms) = postSolution
		{20782707-1F99-4018-9EAF-5E131A4BF64C}.Debug|Any CPU.ActiveCfg = Debug|Any CPU
		{20782707-1F99-4018-9EAF-5E131A4BF64C}.Debug|Any CPU.Build.0 = Debug|Any CPU
		{20782707-1F99-4018-9EAF-5E131A4BF64C}.Release|Any CPU.ActiveCfg = Release|Any CPU
		{20782707-1F99-4018-9EAF-5E131A4BF64C}.Release|Any CPU.Build.0 = Release|Any CPU
	EndGlobalSection
	GlobalSection(SolutionProperties) = preSolution
		HideSolutionNode = FALSE
	EndGlobalSection
	GlobalSection(ExtensibilityGlobals) = postSolution
		SolutionGuid = {140AF47E-9ABD-4B1D-B3F0-E00223FE5F41}
	EndGlobalSection
EndGlobal
