
Microsoft Visual Studio Solution File, Format Version 12.00
# Visual Studio Version 16
VisualStudioVersion = 16.0.31019.35
MinimumVisualStudioVersion = 10.0.40219.1
Project("{FAE04EC0-301F-11D3-BF4B-00C04F79EFBC}") = "ValheimMod", "ValheimMod\ValheimMod.csproj", "{20782707-1F99-4018-9EAF-5E131A4BF64C}"
EndProject
Project("{2150E333-8FDC-42A3-9474-1A3956D46DE8}") = "Solution Items", "Solution Items", "{FE37E94B-9ECD-4E3F-8C4E-7C7A739FC8D0}"
	ProjectSection(SolutionItems) = preProject
		README.md = README.md
	EndProjectSection
EndProject
Project("{FAE04EC0-301F-11D3-BF4B-00C04F79EFBC}") = "ValheimConfigAndDebugging", "ValheimConfigAndDebugging\ValheimConfigAndDebugging.csproj", "{1921CB61-F7AD-4223-AD93-C1234F75D608}"
EndProject
Project("{FAE04EC0-301F-11D3-BF4B-00C04F79EFBC}") = "TextSizeChangeExample", "TextSizeChangeExample\TextSizeChangeExample.csproj", "{3AB72F94-B886-4C05-AF18-789D75FB5F32}"
EndProject
Project("{FAE04EC0-301F-11D3-BF4B-00C04F79EFBC}") = "ExamplePingShips", "ExamplePingShips\ExamplePingShips.csproj", "{7954C395-EBD7-4B6F-A3EC-CAB92E375D98}"
EndProject
Project("{FAE04EC0-301F-11D3-BF4B-00C04F79EFBC}") = "ExampleSword", "ExampleSword\ExampleSword.csproj", "{32A8C1A4-63B3-433E-93DB-96B255C08480}"
EndProject
Global
	GlobalSection(SolutionConfigurationPlatforms) = preSolution
		Debug|Any CPU = Debug|Any CPU
		Release|Any CPU = Release|Any CPU
	EndGlobalSection
	GlobalSection(ProjectConfigurationPlatforms) = postSolution
		{20782707-1F99-4018-9EAF-5E131A4BF64C}.Debug|Any CPU.ActiveCfg = Debug|Any CPU
		{20782707-1F99-4018-9EAF-5E131A4BF64C}.Debug|Any CPU.Build.0 = Debug|Any CPU
		{20782707-1F99-4018-9EAF-5E131A4BF64C}.Release|Any CPU.ActiveCfg = Release|Any CPU
		{20782707-1F99-4018-9EAF-5E131A4BF64C}.Release|Any CPU.Build.0 = Release|Any CPU
		{1921CB61-F7AD-4223-AD93-C1234F75D608}.Debug|Any CPU.ActiveCfg = Debug|Any CPU
		{1921CB61-F7AD-4223-AD93-C1234F75D608}.Debug|Any CPU.Build.0 = Debug|Any CPU
		{1921CB61-F7AD-4223-AD93-C1234F75D608}.Release|Any CPU.ActiveCfg = Release|Any CPU
		{1921CB61-F7AD-4223-AD93-C1234F75D608}.Release|Any CPU.Build.0 = Release|Any CPU
		{3AB72F94-B886-4C05-AF18-789D75FB5F32}.Debug|Any CPU.ActiveCfg = Debug|Any CPU
		{3AB72F94-B886-4C05-AF18-789D75FB5F32}.Debug|Any CPU.Build.0 = Debug|Any CPU
		{3AB72F94-B886-4C05-AF18-789D75FB5F32}.Release|Any CPU.ActiveCfg = Release|Any CPU
		{3AB72F94-B886-4C05-AF18-789D75FB5F32}.Release|Any CPU.Build.0 = Release|Any CPU
		{7954C395-EBD7-4B6F-A3EC-CAB92E375D98}.Debug|Any CPU.ActiveCfg = Debug|Any CPU
		{7954C395-EBD7-4B6F-A3EC-CAB92E375D98}.Debug|Any CPU.Build.0 = Debug|Any CPU
		{7954C395-EBD7-4B6F-A3EC-CAB92E375D98}.Release|Any CPU.ActiveCfg = Release|Any CPU
		{7954C395-EBD7-4B6F-A3EC-CAB92E375D98}.Release|Any CPU.Build.0 = Release|Any CPU
		{32A8C1A4-63B3-433E-93DB-96B255C08480}.Debug|Any CPU.ActiveCfg = Debug|Any CPU
		{32A8C1A4-63B3-433E-93DB-96B255C08480}.Debug|Any CPU.Build.0 = Debug|Any CPU
		{32A8C1A4-63B3-433E-93DB-96B255C08480}.Release|Any CPU.ActiveCfg = Release|Any CPU
		{32A8C1A4-63B3-433E-93DB-96B255C08480}.Release|Any CPU.Build.0 = Release|Any CPU
	EndGlobalSection
	GlobalSection(SolutionProperties) = preSolution
		HideSolutionNode = FALSE
	EndGlobalSection
	GlobalSection(NestedProjects) = preSolution
		{20782707-1F99-4018-9EAF-5E131A4BF64C} = {FE37E94B-9ECD-4E3F-8C4E-7C7A739FC8D0}
		{1921CB61-F7AD-4223-AD93-C1234F75D608} = {FE37E94B-9ECD-4E3F-8C4E-7C7A739FC8D0}
		{3AB72F94-B886-4C05-AF18-789D75FB5F32} = {FE37E94B-9ECD-4E3F-8C4E-7C7A739FC8D0}
		{7954C395-EBD7-4B6F-A3EC-CAB92E375D98} = {FE37E94B-9ECD-4E3F-8C4E-7C7A739FC8D0}
		{32A8C1A4-63B3-433E-93DB-96B255C08480} = {FE37E94B-9ECD-4E3F-8C4E-7C7A739FC8D0}
	EndGlobalSection
	GlobalSection(ExtensibilityGlobals) = postSolution
		SolutionGuid = {140AF47E-9ABD-4B1D-B3F0-E00223FE5F41}
	EndGlobalSection
EndGlobal
